
Microsoft Visual Studio Solution File, Format Version 12.00
# Visual Studio Version 17
VisualStudioVersion = 17.10.35122.118
MinimumVisualStudioVersion = 10.0.40219.1
Project("{FAE04EC0-301F-11D3-BF4B-00C04F79EFBC}") = "DataStructuresEx", "DataStructuresEx.csproj", "{3F639DEF-666F-433A-A5A8-C40FDE325176}"
EndProject
Global
	GlobalSection(SolutionConfigurationPlatforms) = preSolution
		Debug|Any CPU = Debug|Any CPU
		Release|Any CPU = Release|Any CPU
	EndGlobalSection
	GlobalSection(ProjectConfigurationPlatforms) = postSolution
		{3F639DEF-666F-433A-A5A8-C40FDE325176}.Debug|Any CPU.ActiveCfg = Debug|Any CPU
		{3F639DEF-666F-433A-A5A8-C40FDE325176}.Debug|Any CPU.Build.0 = Debug|Any CPU
		{3F639DEF-666F-433A-A5A8-C40FDE325176}.Release|Any CPU.ActiveCfg = Release|Any CPU
		{3F639DEF-666F-433A-A5A8-C40FDE325176}.Release|Any CPU.Build.0 = Release|Any CPU
	EndGlobalSection
	GlobalSection(SolutionProperties) = preSolution
		HideSolutionNode = FALSE
	EndGlobalSection
	GlobalSection(ExtensibilityGlobals) = postSolution
		SolutionGuid = {5472F576-5EEB-4ACC-9097-5924FEC4DF2A}
	EndGlobalSection
EndGlobal
